
Microsoft Visual Studio Solution File, Format Version 12.00
# Visual Studio Version 17
VisualStudioVersion = 17.7.34221.43
MinimumVisualStudioVersion = 10.0.40219.1
Project("{FAE04EC0-301F-11D3-BF4B-00C04F79EFBC}") = "LeetCodeCheckArithmeticSubarrays", "LeetCodeCheckArithmeticSubarrays\LeetCodeCheckArithmeticSubarrays.csproj", "{4ECEE180-0372-4BF0-9C0D-6B25A7B06AE7}"
EndProject
Global
	GlobalSection(SolutionConfigurationPlatforms) = preSolution
		Debug|Any CPU = Debug|Any CPU
		Release|Any CPU = Release|Any CPU
	EndGlobalSection
	GlobalSection(ProjectConfigurationPlatforms) = postSolution
		{4ECEE180-0372-4BF0-9C0D-6B25A7B06AE7}.Debug|Any CPU.ActiveCfg = Debug|Any CPU
		{4ECEE180-0372-4BF0-9C0D-6B25A7B06AE7}.Debug|Any CPU.Build.0 = Debug|Any CPU
		{4ECEE180-0372-4BF0-9C0D-6B25A7B06AE7}.Release|Any CPU.ActiveCfg = Release|Any CPU
		{4ECEE180-0372-4BF0-9C0D-6B25A7B06AE7}.Release|Any CPU.Build.0 = Release|Any CPU
	EndGlobalSection
	GlobalSection(SolutionProperties) = preSolution
		HideSolutionNode = FALSE
	EndGlobalSection
	GlobalSection(ExtensibilityGlobals) = postSolution
		SolutionGuid = {0252A7EA-A9CD-4FA8-972A-AED8D62269FB}
	EndGlobalSection
EndGlobal
